# @generated - this file is auto-generated by `mise lock` https://mise.jdx.dev/dev-tools/mise-lock.html

[[tools.cue]]
version = "0.17.0"
backend = "aqua:cue-lang/cue"

[tools.cue."platforms.linux-arm64"]
checksum = "sha256:f4218d82d2903700ee44615172642146f49c8ddcc3809a46fce6cbd0e5baefa6"
url = "https://github.com/cue-lang/cue/releases/download/v0.17.0/cue_v0.17.0_linux_arm64.tar.gz"
url_api = "https://api.github.com/repos/cue-lang/cue/releases/assets/461081560"

[tools.cue."platforms.linux-arm64-musl"]
checksum = "sha256:f4218d82d2903700ee44615172642146f49c8ddcc3809a46fce6cbd0e5baefa6"
url = "https://github.com/cue-lang/cue/releases/download/v0.17.0/cue_v0.17.0_linux_arm64.tar.gz"
url_api = "https://api.github.com/repos/cue-lang/cue/releases/assets/461081560"

[tools.cue."platforms.linux-x64"]
checksum = "sha256:e22219a1cb520ab3d660a486ed2222bb7b8e9cb9502a951ce6b8ac668695713f"
url = "https://github.com/cue-lang/cue/releases/download/v0.17.0/cue_v0.17.0_linux_amd64.tar.gz"
url_api = "https://api.github.com/repos/cue-lang/cue/releases/assets/461081559"

[tools.cue."platforms.linux-x64-musl"]
checksum = "sha256:e22219a1cb520ab3d660a486ed2222bb7b8e9cb9502a951ce6b8ac668695713f"
url = "https://github.com/cue-lang/cue/releases/download/v0.17.0/cue_v0.17.0_linux_amd64.tar.gz"
url_api = "https://api.github.com/repos/cue-lang/cue/releases/assets/461081559"

[tools.cue."platforms.macos-arm64"]
checksum = "sha256:d49d4f97ec1db68f1b3e527a78be06a28f3f1b1ca7b5e6902a605450162e5314"
url = "https://github.com/cue-lang/cue/releases/download/v0.17.0/cue_v0.17.0_darwin_arm64.tar.gz"
url_api = "https://api.github.com/repos/cue-lang/cue/releases/assets/461081556"

[tools.cue."platforms.macos-x64"]
checksum = "sha256:f308f5189b5fd233d5af807a7d86d4106ec73c247852eff50245820af49b4b46"
url = "https://github.com/cue-lang/cue/releases/download/v0.17.0/cue_v0.17.0_darwin_amd64.tar.gz"
url_api = "https://api.github.com/repos/cue-lang/cue/releases/assets/461081561"

[tools.cue."platforms.windows-x64"]
checksum = "sha256:5ee7c2a1ad13b8ed7521b164532e48c8bc1618b500ac3c5808cbbd47d4c9ccb8"
url = "https://github.com/cue-lang/cue/releases/download/v0.17.0/cue_v0.17.0_windows_amd64.zip"
url_api = "https://api.github.com/repos/cue-lang/cue/releases/assets/461081557"

[[tools.node]]
version = "26.3.1"
backend = "core:node"

[tools.node."platforms.linux-arm64"]
checksum = "sha256:2f0829b201e9db20996ae15bce62138df1e3d317775b005778b05cf7b19714f1"
url = "https://nodejs.org/dist/v26.3.1/node-v26.3.1-linux-arm64.tar.gz"

[tools.node."platforms.linux-arm64-musl"]
checksum = "sha256:e9d31a59e9164ad4be47e3148fc54964a9c275394f367e127eed1a0b3009c706"
url = "https://unofficial-builds.nodejs.org/download/release/v26.3.1/node-v26.3.1-linux-arm64-musl.tar.gz"

[tools.node."platforms.linux-x64"]
checksum = "sha256:e892cd615e637edebcf22f9653d80fba63167ad6754d20881fd52cc37be81441"
url = "https://nodejs.org/dist/v26.3.1/node-v26.3.1-linux-x64.tar.gz"

[tools.node."platforms.linux-x64-musl"]
checksum = "sha256:4d1a7bebcc0ee2534edc2d5f93cad34435ed4b601766d26b706c043727d4cca5"
url = "https://unofficial-builds.nodejs.org/download/release/v26.3.1/node-v26.3.1-linux-x64-musl.tar.gz"

[tools.node."platforms.macos-arm64"]
checksum = "sha256:3f624ab0d774553c0d28b968e141d8c676a35a2811fb0b7b356ba9cbdce15f74"
url = "https://nodejs.org/dist/v26.3.1/node-v26.3.1-darwin-arm64.tar.gz"

[tools.node."platforms.macos-x64"]
checksum = "sha256:3ec9e5a28c641c088f3d04ad38721bfdedb2f8aa8c031979fa93df08b5a92e58"
url = "https://nodejs.org/dist/v26.3.1/node-v26.3.1-darwin-x64.tar.gz"

[tools.node."platforms.windows-x64"]
checksum = "sha256:45001b289ebffe7b22260898f3750059183d8246042b88e8ffa4337e65e6763e"
url = "https://nodejs.org/dist/v26.3.1/node-v26.3.1-win-x64.zip"

[[tools.pnpm]]
version = "11.7.0"
backend = "aqua:pnpm/pnpm"

[tools.pnpm."platforms.linux-arm64"]
checksum = "sha256:a110731cf0f46cf89eb5659b42c9f5c3a2361d30087e2eed921c8378b1fe64a0"
url = "https://github.com/pnpm/pnpm/releases/download/v11.7.0/pnpm-linux-arm64.tar.gz"
url_api = "https://api.github.com/repos/pnpm/pnpm/releases/assets/447914122"
provenance = "github-attestations"

[tools.pnpm."platforms.linux-arm64-musl"]
checksum = "sha256:9c82a83d0fa6dbcd4757f7846f20e73f77d451d6282b32602d9f933b5e2f4052"
url = "https://github.com/pnpm/pnpm/releases/download/v11.7.0/pnpm-linux-arm64-musl.tar.gz"
url_api = "https://api.github.com/repos/pnpm/pnpm/releases/assets/447914118"
provenance = "github-attestations"

[tools.pnpm."platforms.linux-x64"]
checksum = "sha256:752e31654c6f24bc945db784d12831b80b29f533b43105575ce30dd3c8658609"
url = "https://github.com/pnpm/pnpm/releases/download/v11.7.0/pnpm-linux-x64.tar.gz"
url_api = "https://api.github.com/repos/pnpm/pnpm/releases/assets/447914120"
provenance = "github-attestations"

[tools.pnpm."platforms.linux-x64-musl"]
checksum = "sha256:6fa3052e350a1aceeeac90c9f9b59ed048312cab04b34c0472b018e71b243885"
url = "https://github.com/pnpm/pnpm/releases/download/v11.7.0/pnpm-linux-x64-musl.tar.gz"
url_api = "https://api.github.com/repos/pnpm/pnpm/releases/assets/447914117"
provenance = "github-attestations"

[tools.pnpm."platforms.macos-arm64"]
checksum = "sha256:97d077cca1225ae6ab492e5b6d0e6737ab7149c34813e70f25f67c6c2bf274a2"
url = "https://github.com/pnpm/pnpm/releases/download/v11.7.0/pnpm-darwin-arm64.tar.gz"
url_api = "https://api.github.com/repos/pnpm/pnpm/releases/assets/447914124"
provenance = "github-attestations"

[tools.pnpm."platforms.windows-x64"]
checksum = "sha256:08acc088646c1dbf3030984918266058d23c5acf4c518dc7502bd539fc99c280"
url = "https://github.com/pnpm/pnpm/releases/download/v11.7.0/pnpm-win32-x64.zip"
url_api = "https://api.github.com/repos/pnpm/pnpm/releases/assets/447914123"
provenance = "github-attestations"

[[tools.tombi]]
version = "1.2.0"
backend = "aqua:tombi-toml/tombi"

[tools.tombi."platforms.linux-arm64"]
checksum = "sha256:17aa2e8f50269b5decfef4b09701315ed3ed8da557e23d7d6c16d9263cc455eb"
url = "https://github.com/tombi-toml/tombi/releases/download/v1.2.0/tombi-cli-1.2.0-aarch64-unknown-linux-musl.tar.gz"
url_api = "https://api.github.com/repos/tombi-toml/tombi/releases/assets/467173941"
provenance = "github-attestations"

[tools.tombi."platforms.linux-arm64-musl"]
checksum = "sha256:17aa2e8f50269b5decfef4b09701315ed3ed8da557e23d7d6c16d9263cc455eb"
url = "https://github.com/tombi-toml/tombi/releases/download/v1.2.0/tombi-cli-1.2.0-aarch64-unknown-linux-musl.tar.gz"
url_api = "https://api.github.com/repos/tombi-toml/tombi/releases/assets/467173941"
provenance = "github-attestations"

[tools.tombi."platforms.linux-x64"]
checksum = "sha256:6f253f2fce04314a518f7c710471b4c0cdb0140e5a230092c83c98d8559c2816"
url = "https://github.com/tombi-toml/tombi/releases/download/v1.2.0/tombi-cli-1.2.0-x86_64-unknown-linux-musl.tar.gz"
url_api = "https://api.github.com/repos/tombi-toml/tombi/releases/assets/467173957"
provenance = "github-attestations"

[tools.tombi."platforms.linux-x64-musl"]
checksum = "sha256:6f253f2fce04314a518f7c710471b4c0cdb0140e5a230092c83c98d8559c2816"
url = "https://github.com/tombi-toml/tombi/releases/download/v1.2.0/tombi-cli-1.2.0-x86_64-unknown-linux-musl.tar.gz"
url_api = "https://api.github.com/repos/tombi-toml/tombi/releases/assets/467173957"
provenance = "github-attestations"

[tools.tombi."platforms.macos-arm64"]
checksum = "sha256:846aedc9ae344673a4deafbff76f5955bf437ec13e24f1b5eeffdf4f58603400"
url = "https://github.com/tombi-toml/tombi/releases/download/v1.2.0/tombi-cli-1.2.0-aarch64-apple-darwin.tar.gz"
url_api = "https://api.github.com/repos/tombi-toml/tombi/releases/assets/467173945"
provenance = "github-attestations"

[tools.tombi."platforms.macos-x64"]
checksum = "sha256:453b201e77b1ff9c1a0e0a861dc061809b2111da557073d220ee61ad2af76045"
url = "https://github.com/tombi-toml/tombi/releases/download/v1.2.0/tombi-cli-1.2.0-x86_64-apple-darwin.tar.gz"
url_api = "https://api.github.com/repos/tombi-toml/tombi/releases/assets/467173942"
provenance = "github-attestations"

[tools.tombi."platforms.windows-x64"]
checksum = "sha256:fe8c7d5bbc2acd9dab1053948afeb8e85562ef138eca8fc2a576154a27fbf1c3"
url = "https://github.com/tombi-toml/tombi/releases/download/v1.2.0/tombi-cli-1.2.0-x86_64-pc-windows-msvc.zip"
url_api = "https://api.github.com/repos/tombi-toml/tombi/releases/assets/467173953"
provenance = "github-attestations"

[[tools.typst]]
version = "0.15.0"
backend = "aqua:typst/typst"

[tools.typst."platforms.linux-arm64"]
checksum = "sha256:cdf50ffc7b8ba759ed02200632eda3d78eb8b99aacb6611f4f75684990647620"
url = "https://github.com/typst/typst/releases/download/v0.15.0/typst-aarch64-unknown-linux-musl.tar.xz"
url_api = "https://api.github.com/repos/typst/typst/releases/assets/448380804"

[tools.typst."platforms.linux-arm64-musl"]
checksum = "sha256:cdf50ffc7b8ba759ed02200632eda3d78eb8b99aacb6611f4f75684990647620"
url = "https://github.com/typst/typst/releases/download/v0.15.0/typst-aarch64-unknown-linux-musl.tar.xz"
url_api = "https://api.github.com/repos/typst/typst/releases/assets/448380804"

[tools.typst."platforms.linux-x64"]
checksum = "sha256:59b207df01be2dab9f13e80f73d04d7ff8273ffd46b3dd1b9eef5c60f3eeabea"
url = "https://github.com/typst/typst/releases/download/v0.15.0/typst-x86_64-unknown-linux-musl.tar.xz"
url_api = "https://api.github.com/repos/typst/typst/releases/assets/448379958"

[tools.typst."platforms.linux-x64-musl"]
checksum = "sha256:59b207df01be2dab9f13e80f73d04d7ff8273ffd46b3dd1b9eef5c60f3eeabea"
url = "https://github.com/typst/typst/releases/download/v0.15.0/typst-x86_64-unknown-linux-musl.tar.xz"
url_api = "https://api.github.com/repos/typst/typst/releases/assets/448379958"

[tools.typst."platforms.macos-arm64"]
checksum = "sha256:fe53838737abf93a774495952a1a797b4686e9c4a21c2d99b9fdf77f46cc3572"
url = "https://github.com/typst/typst/releases/download/v0.15.0/typst-aarch64-apple-darwin.tar.xz"
url_api = "https://api.github.com/repos/typst/typst/releases/assets/448379808"

[tools.typst."platforms.macos-x64"]
checksum = "sha256:30210c7c539c7954db94c063cd98b43fd0a0cad285d656dbbce2a40aee2e79be"
url = "https://github.com/typst/typst/releases/download/v0.15.0/typst-x86_64-apple-darwin.tar.xz"
url_api = "https://api.github.com/repos/typst/typst/releases/assets/448379654"

[tools.typst."platforms.windows-x64"]
checksum = "sha256:66ae7f0907b4b9afed5c7d6cb9b21e07f0f3c3d4e293ba3e0026a54d88202fe9"
url = "https://github.com/typst/typst/releases/download/v0.15.0/typst-x86_64-pc-windows-msvc.zip"
url_api = "https://api.github.com/repos/typst/typst/releases/assets/448381935"

[[tools.typstyle]]
version = "0.15.0"
backend = "aqua:Enter-tainer/typstyle"

[tools.typstyle."platforms.linux-arm64"]
checksum = "sha256:d782f1fa1704c537542edf131bddb9b6467af72944a50b174709f904a198f3b7"
url = "https://github.com/typstyle-rs/typstyle/releases/download/v0.15.0/typstyle-aarch64-unknown-linux-gnu"
url_api = "https://api.github.com/repos/typstyle-rs/typstyle/releases/assets/452868424"

[tools.typstyle."platforms.linux-x64"]
checksum = "sha256:4ee395be9c923eaffdfcc84d4cea7c54d8087ce8fc380ea82d775e0915698097"
url = "https://github.com/typstyle-rs/typstyle/releases/download/v0.15.0/typstyle-x86_64-unknown-linux-musl"
url_api = "https://api.github.com/repos/typstyle-rs/typstyle/releases/assets/452868324"

[tools.typstyle."platforms.linux-x64-musl"]
checksum = "sha256:4ee395be9c923eaffdfcc84d4cea7c54d8087ce8fc380ea82d775e0915698097"
url = "https://github.com/typstyle-rs/typstyle/releases/download/v0.15.0/typstyle-x86_64-unknown-linux-musl"
url_api = "https://api.github.com/repos/typstyle-rs/typstyle/releases/assets/452868324"

[tools.typstyle."platforms.macos-arm64"]
checksum = "sha256:5603286375b060fdfd6719cac25227508473140e502ab1f7ab9557cf397b0de5"
url = "https://github.com/typstyle-rs/typstyle/releases/download/v0.15.0/typstyle-aarch64-apple-darwin"
url_api = "https://api.github.com/repos/typstyle-rs/typstyle/releases/assets/452868457"

[tools.typstyle."platforms.macos-x64"]
checksum = "sha256:5e36e61aa2e811954959f70a921d7f5f0647460dbad7f7d6d3b3eeaa37cad9e4"
url = "https://github.com/typstyle-rs/typstyle/releases/download/v0.15.0/typstyle-x86_64-apple-darwin"
url_api = "https://api.github.com/repos/typstyle-rs/typstyle/releases/assets/452868399"

[tools.typstyle."platforms.windows-x64"]
checksum = "sha256:ff04ab943537779246274dc0ff9bb71fae6a9d232ce4b54b1b5d5710c20be714"
url = "https://github.com/typstyle-rs/typstyle/releases/download/v0.15.0/typstyle-x86_64-pc-windows-msvc.exe"
url_api = "https://api.github.com/repos/typstyle-rs/typstyle/releases/assets/452868371"
